
Microsoft Visual Studio Solution File, Format Version 12.00
# Visual Studio 15
VisualStudioVersion = 15.0.27004.2010
MinimumVisualStudioVersion = 10.0.40219.1
Project("{FAE04EC0-301F-11D3-BF4B-00C04F79EFBC}") = "Minecraft2", "Minecraft2\Minecraft2.csproj", "{D6AF8C64-D1DE-4780-8DB0-3C0E9917612A}"
EndProject
Global
	GlobalSection(SolutionConfigurationPlatforms) = preSolution
		Debug|Any CPU = Debug|Any CPU
		Release|Any CPU = Release|Any CPU
	EndGlobalSection
	GlobalSection(ProjectConfigurationPlatforms) = postSolution
		{D6AF8C64-D1DE-4780-8DB0-3C0E9917612A}.Debug|Any CPU.ActiveCfg = Debug|Any CPU
		{D6AF8C64-D1DE-4780-8DB0-3C0E9917612A}.Debug|Any CPU.Build.0 = Debug|Any CPU
		{D6AF8C64-D1DE-4780-8DB0-3C0E9917612A}.Release|Any CPU.ActiveCfg = Release|Any CPU
		{D6AF8C64-D1DE-4780-8DB0-3C0E9917612A}.Release|Any CPU.Build.0 = Release|Any CPU
	EndGlobalSection
	GlobalSection(SolutionProperties) = preSolution
		HideSolutionNode = FALSE
	EndGlobalSection
	GlobalSection(ExtensibilityGlobals) = postSolution
		SolutionGuid = {80B58852-70C4-4C06-BA83-ACF5C671963A}
	EndGlobalSection
EndGlobal
